
Microsoft Visual Studio Solution File, Format Version 12.00
# Visual Studio Version 17
VisualStudioVersion = 17.7.34221.43
MinimumVisualStudioVersion = 10.0.40219.1
Project("{FAE04EC0-301F-11D3-BF4B-00C04F79EFBC}") = "SistemaDeTarefas", "SistemaDeTarefas\SistemaDeTarefas.csproj", "{520C8093-C21E-4031-9796-527CEB498648}"
EndProject
Global
	GlobalSection(SolutionConfigurationPlatforms) = preSolution
		Debug|Any CPU = Debug|Any CPU
		Release|Any CPU = Release|Any CPU
	EndGlobalSection
	GlobalSection(ProjectConfigurationPlatforms) = postSolution
		{520C8093-C21E-4031-9796-527CEB498648}.Debug|Any CPU.ActiveCfg = Debug|Any CPU
		{520C8093-C21E-4031-9796-527CEB498648}.Debug|Any CPU.Build.0 = Debug|Any CPU
		{520C8093-C21E-4031-9796-527CEB498648}.Release|Any CPU.ActiveCfg = Release|Any CPU
		{520C8093-C21E-4031-9796-527CEB498648}.Release|Any CPU.Build.0 = Release|Any CPU
	EndGlobalSection
	GlobalSection(SolutionProperties) = preSolution
		HideSolutionNode = FALSE
	EndGlobalSection
	GlobalSection(ExtensibilityGlobals) = postSolution
		SolutionGuid = {EFDA1EC3-8452-4C1C-A3BE-9D82272F943D}
	EndGlobalSection
EndGlobal
